// !$*UTF8*$!
{
	archiveVersion = 1;
	classes = {
	};
	objectVersion = 50;
	objects = {

/* Begin PBXBuildFile section */
		D80A0B6C23E2079900AE1351 /* SampleData.plist in Resources */ = {isa = PBXBuildFile; fileRef = D80A0B6B23E2079900AE1351 /* SampleData.plist */; };
		D80A0B6F23E32DAD00AE1351 /* BowTie+CoreDataClass.swift in Sources */ = {isa = PBXBuildFile; fileRef = D80A0B6D23E32DAD00AE1351 /* BowTie+CoreDataClass.swift */; };
		D80A0B7023E32DAD00AE1351 /* BowTie+CoreDataProperties.swift in Sources */ = {isa = PBXBuildFile; fileRef = D80A0B6E23E32DAD00AE1351 /* BowTie+CoreDataProperties.swift */; };
		D80FE31523E1FF4200A5E2BC /* AppDelegate.swift in Sources */ = {isa = PBXBuildFile; fileRef = D80FE31423E1FF4200A5E2BC /* AppDelegate.swift */; };
		D80FE31723E1FF4200A5E2BC /* SceneDelegate.swift in Sources */ = {isa = PBXBuildFile; fileRef = D80FE31623E1FF4200A5E2BC /* SceneDelegate.swift */; };
		D80FE31923E1FF4200A5E2BC /* ViewController.swift in Sources */ = {isa = PBXBuildFile; fileRef = D80FE31823E1FF4200A5E2BC /* ViewController.swift */; };
		D80FE31C23E1FF4200A5E2BC /* Main.storyboard in Resources */ = {isa = PBXBuildFile; fileRef = D80FE31A23E1FF4200A5E2BC /* Main.storyboard */; };
		D80FE31F23E1FF4200A5E2BC /* BowTies.xcdatamodeld in Sources */ = {isa = PBXBuildFile; fileRef = D80FE31D23E1FF4200A5E2BC /* BowTies.xcdatamodeld */; };
		D80FE32123E1FF4400A5E2BC /* Assets.xcassets in Resources */ = {isa = PBXBuildFile; fileRef = D80FE32023E1FF4400A5E2BC /* Assets.xcassets */; };
		D80FE32423E1FF4400A5E2BC /* LaunchScreen.storyboard in Resources */ = {isa = PBXBuildFile; fileRef = D80FE32223E1FF4400A5E2BC /* LaunchScreen.storyboard */; };
/* End PBXBuildFile section */

/* Begin PBXFileReference section */
		D80A0B6B23E2079900AE1351 /* SampleData.plist */ = {isa = PBXFileReference; fileEncoding = 4; lastKnownFileType = text.plist.xml; path = SampleData.plist; sourceTree = "<group>"; };
		D80A0B6D23E32DAD00AE1351 /* BowTie+CoreDataClass.swift */ = {isa = PBXFileReference; lastKnownFileType = sourcecode.swift; path = "BowTie+CoreDataClass.swift"; sourceTree = "<group>"; };
		D80A0B6E23E32DAD00AE1351 /* BowTie+CoreDataProperties.swift */ = {isa = PBXFileReference; lastKnownFileType = sourcecode.swift; path = "BowTie+CoreDataProperties.swift"; sourceTree = "<group>"; };
		D80FE31123E1FF4200A5E2BC /* BowTies.app */ = {isa = PBXFileReference; explicitFileType = wrapper.application; includeInIndex = 0; path = BowTies.app; sourceTree = BUILT_PRODUCTS_DIR; };
		D80FE31423E1FF4200A5E2BC /* AppDelegate.swift */ = {isa = PBXFileReference; lastKnownFileType = sourcecode.swift; path = AppDelegate.swift; sourceTree = "<group>"; };
		D80FE31623E1FF4200A5E2BC /* SceneDelegate.swift */ = {isa = PBXFileReference; lastKnownFileType = sourcecode.swift; path = SceneDelegate.swift; sourceTree = "<group>"; };
		D80FE31823E1FF4200A5E2BC /* ViewController.swift */ = {isa = PBXFileReference; lastKnownFileType = sourcecode.swift; path = ViewController.swift; sourceTree = "<group>"; };
		D80FE31B23E1FF4200A5E2BC /* Base */ = {isa = PBXFileReference; lastKnownFileType = file.storyboard; name = Base; path = Base.lproj/Main.storyboard; sourceTree = "<group>"; };
		D80FE31E23E1FF4200A5E2BC /* BowTies.xcdatamodel */ = {isa = PBXFileReference; lastKnownFileType = wrapper.xcdatamodel; path = BowTies.xcdatamodel; sourceTree = "<group>"; };
		D80FE32023E1FF4400A5E2BC /* Assets.xcassets */ = {isa = PBXFileReference; lastKnownFileType = folder.assetcatalog; path = Assets.xcassets; sourceTree = "<group>"; };
		D80FE32323E1FF4400A5E2BC /* Base */ = {isa = PBXFileReference; lastKnownFileType = file.storyboard; name = Base; path = Base.lproj/LaunchScreen.storyboard; sourceTree = "<group>"; };
		D80FE32523E1FF4400A5E2BC /* Info.plist */ = {isa = PBXFileReference; lastKnownFileType = text.plist.xml; path = Info.plist; sourceTree = "<group>"; };
/* End PBXFileReference section */

/* Begin PBXFrameworksBuildPhase section */
		D80FE30E23E1FF4200A5E2BC /* Frameworks */ = {
			isa = PBXFrameworksBuildPhase;
			buildActionMask = 2147483647;
			files = (
			);
			runOnlyForDeploymentPostprocessing = 0;
		};
/* End PBXFrameworksBuildPhase section */

/* Begin PBXGroup section */
		D80A0B7123E32E4B00AE1351 /* Controller */ = {
			isa = PBXGroup;
			children = (
				D80FE31823E1FF4200A5E2BC /* ViewController.swift */,
			);
			path = Controller;
			sourceTree = "<group>";
		};
		D80A0B7223E32E7000AE1351 /* BowTieModel */ = {
			isa = PBXGroup;
			children = (
				D80A0B6B23E2079900AE1351 /* SampleData.plist */,
				D80FE31D23E1FF4200A5E2BC /* BowTies.xcdatamodeld */,
				D80A0B6D23E32DAD00AE1351 /* BowTie+CoreDataClass.swift */,
				D80A0B6E23E32DAD00AE1351 /* BowTie+CoreDataProperties.swift */,
			);
			path = BowTieModel;
			sourceTree = "<group>";
		};
		D80FE30823E1FF4200A5E2BC = {
			isa = PBXGroup;
			children = (
				D80FE31323E1FF4200A5E2BC /* BowTies */,
				D80FE31223E1FF4200A5E2BC /* Products */,
			);
			sourceTree = "<group>";
		};
		D80FE31223E1FF4200A5E2BC /* Products */ = {
			isa = PBXGroup;
			children = (
				D80FE31123E1FF4200A5E2BC /* BowTies.app */,
			);
			name = Products;
			sourceTree = "<group>";
		};
		D80FE31323E1FF4200A5E2BC /* BowTies */ = {
			isa = PBXGroup;
			children = (
				D80FE31423E1FF4200A5E2BC /* AppDelegate.swift */,
				D80FE31623E1FF4200A5E2BC /* SceneDelegate.swift */,
				D80FE31A23E1FF4200A5E2BC /* Main.storyboard */,
				D80A0B7123E32E4B00AE1351 /* Controller */,
				D80A0B7223E32E7000AE1351 /* BowTieModel */,
				D80FE32023E1FF4400A5E2BC /* Assets.xcassets */,
				D80FE32223E1FF4400A5E2BC /* LaunchScreen.storyboard */,
				D80FE32523E1FF4400A5E2BC /* Info.plist */,
			);
			path = BowTies;
			sourceTree = "<group>";
		};
/* End PBXGroup section */

/* Begin PBXNativeTarget section */
		D80FE31023E1FF4200A5E2BC /* BowTies */ = {
			isa = PBXNativeTarget;
			buildConfigurationList = D80FE32823E1FF4400A5E2BC /* Build configuration list for PBXNativeTarget "BowTies" */;
			buildPhases = (
				D80FE30D23E1FF4200A5E2BC /* Sources */,
				D80FE30E23E1FF4200A5E2BC /* Frameworks */,
				D80FE30F23E1FF4200A5E2BC /* Resources */,
			);
			buildRules = (
			);
			dependencies = (
			);
			name = BowTies;
			productName = BowTies;
			productReference = D80FE31123E1FF4200A5E2BC /* BowTies.app */;
			productType = "com.apple.product-type.application";
		};
/* End PBXNativeTarget section */

/* Begin PBXProject section */
		D80FE30923E1FF4200A5E2BC /* Project object */ = {
			isa = PBXProject;
			attributes = {
				LastSwiftUpdateCheck = 1130;
				LastUpgradeCheck = 1130;
				ORGANIZATIONNAME = Li;
				TargetAttributes = {
					D80FE31023E1FF4200A5E2BC = {
						CreatedOnToolsVersion = 11.3;
					};
				};
			};
			buildConfigurationList = D80FE30C23E1FF4200A5E2BC /* Build configuration list for PBXProject "BowTies" */;
			compatibilityVersion = "Xcode 9.3";
			developmentRegion = en;
			hasScannedForEncodings = 0;
			knownRegions = (
				en,
				Base,
			);
			mainGroup = D80FE30823E1FF4200A5E2BC;
			productRefGroup = D80FE31223E1FF4200A5E2BC /* Products */;
			projectDirPath = "";
			projectRoot = "";
			targets = (
				D80FE31023E1FF4200A5E2BC /* BowTies */,
			);
		};
/* End PBXProject section */

/* Begin PBXResourcesBuildPhase section */
		D80FE30F23E1FF4200A5E2BC /* Resources */ = {
			isa = PBXResourcesBuildPhase;
			buildActionMask = 2147483647;
			files = (
				D80FE32423E1FF4400A5E2BC /* LaunchScreen.storyboard in Resources */,
				D80FE32123E1FF4400A5E2BC /* Assets.xcassets in Resources */,
				D80A0B6C23E2079900AE1351 /* SampleData.plist in Resources */,
				D80FE31C23E1FF4200A5E2BC /* Main.storyboard in Resources */,
			);
			runOnlyForDeploymentPostprocessing = 0;
		};
/* End PBXResourcesBuildPhase section */

/* Begin PBXSourcesBuildPhase section */
		D80FE30D23E1FF4200A5E2BC /* Sources */ = {
			isa = PBXSourcesBuildPhase;
			buildActionMask = 2147483647;
			files = (
				D80FE31923E1FF4200A5E2BC /* ViewController.swift in Sources */,
				D80A0B7023E32DAD00AE1351 /* BowTie+CoreDataProperties.swift in Sources */,
				D80A0B6F23E32DAD00AE1351 /* BowTie+CoreDataClass.swift in Sources */,
				D80FE31F23E1FF4200A5E2BC /* BowTies.xcdatamodeld in Sources */,
				D80FE31523E1FF4200A5E2BC /* AppDelegate.swift in Sources */,
				D80FE31723E1FF4200A5E2BC /* SceneDelegate.swift in Sources */,
			);
			runOnlyForDeploymentPostprocessing = 0;
		};
/* End PBXSourcesBuildPhase section */

/* Begin PBXVariantGroup section */
		D80FE31A23E1FF4200A5E2BC /* Main.storyboard */ = {
			isa = PBXVariantGroup;
			children = (
				D80FE31B23E1FF4200A5E2BC /* Base */,
			);
			name = Main.storyboard;
			sourceTree = "<group>";
		};
		D80FE32223E1FF4400A5E2BC /* LaunchScreen.storyboard */ = {
			isa = PBXVariantGroup;
			children = (
				D80FE32323E1FF4400A5E2BC /* Base */,
			);
			name = LaunchScreen.storyboard;
			sourceTree = "<group>";
		};
/* End PBXVariantGroup section */

/* Begin XCBuildConfiguration section */
		D80FE32623E1FF4400A5E2BC /* Debug */ = {
			isa = XCBuildConfiguration;
			buildSettings = {
				ALWAYS_SEARCH_USER_PATHS = NO;
				CLANG_ANALYZER_NONNULL = YES;
				CLANG_ANALYZER_NUMBER_OBJECT_CONVERSION = YES_AGGRESSIVE;
				CLANG_CXX_LANGUAGE_STANDARD = "gnu++14";
				CLANG_CXX_LIBRARY = "libc++";
				CLANG_ENABLE_MODULES = YES;
				CLANG_ENABLE_OBJC_ARC = YES;
				CLANG_ENABLE_OBJC_WEAK = YES;
				CLANG_WARN_BLOCK_CAPTURE_AUTORELEASING = YES;
				CLANG_WARN_BOOL_CONVERSION = YES;
				CLANG_WARN_COMMA = YES;
				CLANG_WARN_CONSTANT_CONVERSION = YES;
				CLANG_WARN_DEPRECATED_OBJC_IMPLEMENTATIONS = YES;
				CLANG_WARN_DIRECT_OBJC_ISA_USAGE = YES_ERROR;
				CLANG_WARN_DOCUMENTATION_COMMENTS = YES;
				CLANG_WARN_EMPTY_BODY = YES;
				CLANG_WARN_ENUM_CONVERSION = YES;
				CLANG_WARN_INFINITE_RECURSION = YES;
				CLANG_WARN_INT_CONVERSION = YES;
				CLANG_WARN_NON_LITERAL_NULL_CONVERSION = YES;
				CLANG_WARN_OBJC_IMPLICIT_RETAIN_SELF = YES;
				CLANG_WARN_OBJC_LITERAL_CONVERSION = YES;
				CLANG_WARN_OBJC_ROOT_CLASS = YES_ERROR;
				CLANG_WARN_RANGE_LOOP_ANALYSIS = YES;
				CLANG_WARN_STRICT_PROTOTYPES = YES;
				CLANG_WARN_SUSPICIOUS_MOVE = YES;
				CLANG_WARN_UNGUARDED_AVAILABILITY = YES_AGGRESSIVE;
				CLANG_WARN_UNREACHABLE_CODE = YES;
				CLANG_WARN__DUPLICATE_METHOD_MATCH = YES;
				COPY_PHASE_STRIP = NO;
				DEBUG_INFORMATION_FORMAT = dwarf;
				ENABLE_STRICT_OBJC_MSGSEND = YES;
				ENABLE_TESTABILITY = YES;
				GCC_C_LANGUAGE_STANDARD = gnu11;
				GCC_DYNAMIC_NO_PIC = NO;
				GCC_NO_COMMON_BLOCKS = YES;
				GCC_OPTIMIZATION_LEVEL = 0;
				GCC_PREPROCESSOR_DEFINITIONS = (
					"DEBUG=1",
					"$(inherited)",
				);
				GCC_WARN_64_TO_32_BIT_CONVERSION = YES;
				GCC_WARN_ABOUT_RETURN_TYPE = YES_ERROR;
				GCC_WARN_UNDECLARED_SELECTOR = YES;
				GCC_WARN_UNINITIALIZED_AUTOS = YES_AGGRESSIVE;
				GCC_WARN_UNUSED_FUNCTION = YES;
				GCC_WARN_UNUSED_VARIABLE = YES;
				IPHONEOS_DEPLOYMENT_TARGET = 13.2;
				MTL_ENABLE_DEBUG_INFO = INCLUDE_SOURCE;
				MTL_FAST_MATH = YES;
				ONLY_ACTIVE_ARCH = YES;
				SDKROOT = iphoneos;
				SWIFT_ACTIVE_COMPILATION_CONDITIONS = DEBUG;
				SWIFT_OPTIMIZATION_LEVEL = "-Onone";
			};
			name = Debug;
		};
		D80FE32723E1FF4400A5E2BC /* Release */ = {
			isa = XCBuildConfiguration;
			buildSettings = {
				ALWAYS_SEARCH_USER_PATHS = NO;
				CLANG_ANALYZER_NONNULL = YES;
				CLANG_ANALYZER_NUMBER_OBJECT_CONVERSION = YES_AGGRESSIVE;
				CLANG_CXX_LANGUAGE_STANDARD = "gnu++14";
				CLANG_CXX_LIBRARY = "libc++";
				CLANG_ENABLE_MODULES = YES;
				CLANG_ENABLE_OBJC_ARC = YES;
				CLANG_ENABLE_OBJC_WEAK = YES;
				CLANG_WARN_BLOCK_CAPTURE_AUTORELEASING = YES;
				CLANG_WARN_BOOL_CONVERSION = YES;
				CLANG_WARN_COMMA = YES;
				CLANG_WARN_CONSTANT_CONVERSION = YES;
				CLANG_WARN_DEPRECATED_OBJC_IMPLEMENTATIONS = YES;
				CLANG_WARN_DIRECT_OBJC_ISA_USAGE = YES_ERROR;
				CLANG_WARN_DOCUMENTATION_COMMENTS = YES;
				CLANG_WARN_EMPTY_BODY = YES;
				CLANG_WARN_ENUM_CONVERSION = YES;
				CLANG_WARN_INFINITE_RECURSION = YES;
				CLANG_WARN_INT_CONVERSION = YES;
				CLANG_WARN_NON_LITERAL_NULL_CONVERSION = YES;
				CLANG_WARN_OBJC_IMPLICIT_RETAIN_SELF = YES;
				CLANG_WARN_OBJC_LITERAL_CONVERSION = YES;
				CLANG_WARN_OBJC_ROOT_CLASS = YES_ERROR;
				CLANG_WARN_RANGE_LOOP_ANALYSIS = YES;
				CLANG_WARN_STRICT_PROTOTYPES = YES;
				CLANG_WARN_SUSPICIOUS_MOVE = YES;
				CLANG_WARN_UNGUARDED_AVAILABILITY = YES_AGGRESSIVE;
				CLANG_WARN_UNREACHABLE_CODE = YES;
				CLANG_WARN__DUPLICATE_METHOD_MATCH = YES;
				COPY_PHASE_STRIP = NO;
				DEBUG_INFORMATION_FORMAT = "dwarf-with-dsym";
				ENABLE_NS_ASSERTIONS = NO;
				ENABLE_STRICT_OBJC_MSGSEND = YES;
				GCC_C_LANGUAGE_STANDARD = gnu11;
				GCC_NO_COMMON_BLOCKS = YES;
				GCC_WARN_64_TO_32_BIT_CONVERSION = YES;
				GCC_WARN_ABOUT_RETURN_TYPE = YES_ERROR;
				GCC_WARN_UNDECLARED_SELECTOR = YES;
				GCC_WARN_UNINITIALIZED_AUTOS = YES_AGGRESSIVE;
				GCC_WARN_UNUSED_FUNCTION = YES;
				GCC_WARN_UNUSED_VARIABLE = YES;
				IPHONEOS_DEPLOYMENT_TARGET = 13.2;
				MTL_ENABLE_DEBUG_INFO = NO;
				MTL_FAST_MATH = YES;
				SDKROOT = iphoneos;
				SWIFT_COMPILATION_MODE = wholemodule;
				SWIFT_OPTIMIZATION_LEVEL = "-O";
				VALIDATE_PRODUCT = YES;
			};
			name = Release;
		};
		D80FE32923E1FF4400A5E2BC /* Debug */ = {
			isa = XCBuildConfiguration;
			buildSettings = {
				ASSETCATALOG_COMPILER_APPICON_NAME = AppIcon;
				CODE_SIGN_STYLE = Automatic;
				DEVELOPMENT_TEAM = 5C9Q9F94SV;
				INFOPLIST_FILE = BowTies/Info.plist;
				LD_RUNPATH_SEARCH_PATHS = (
					"$(inherited)",
					"@executable_path/Frameworks",
				);
				PRODUCT_BUNDLE_IDENTIFIER = liCompany.BowTies;
				PRODUCT_NAME = "$(TARGET_NAME)";
				SWIFT_VERSION = 5.0;
				TARGETED_DEVICE_FAMILY = "1,2";
			};
			name = Debug;
		};
		D80FE32A23E1FF4400A5E2BC /* Release */ = {
			isa = XCBuildConfiguration;
			buildSettings = {
				ASSETCATALOG_COMPILER_APPICON_NAME = AppIcon;
				CODE_SIGN_STYLE = Automatic;
				DEVELOPMENT_TEAM = 5C9Q9F94SV;
				INFOPLIST_FILE = BowTies/Info.plist;
				LD_RUNPATH_SEARCH_PATHS = (
					"$(inherited)",
					"@executable_path/Frameworks",
				);
				PRODUCT_BUNDLE_IDENTIFIER = liCompany.BowTies;
				PRODUCT_NAME = "$(TARGET_NAME)";
				SWIFT_VERSION = 5.0;
				TARGETED_DEVICE_FAMILY = "1,2";
			};
			name = Release;
		};
/* End XCBuildConfiguration section */

/* Begin XCConfigurationList section */
		D80FE30C23E1FF4200A5E2BC /* Build configuration list for PBXProject "BowTies" */ = {
			isa = XCConfigurationList;
			buildConfigurations = (
				D80FE32623E1FF4400A5E2BC /* Debug */,
				D80FE32723E1FF4400A5E2BC /* Release */,
			);
			defaultConfigurationIsVisible = 0;
			defaultConfigurationName = Release;
		};
		D80FE32823E1FF4400A5E2BC /* Build configuration list for PBXNativeTarget "BowTies" */ = {
			isa = XCConfigurationList;
			buildConfigurations = (
				D80FE32923E1FF4400A5E2BC /* Debug */,
				D80FE32A23E1FF4400A5E2BC /* Release */,
			);
			defaultConfigurationIsVisible = 0;
			defaultConfigurationName = Release;
		};
/* End XCConfigurationList section */

/* Begin XCVersionGroup section */
		D80FE31D23E1FF4200A5E2BC /* BowTies.xcdatamodeld */ = {
			isa = XCVersionGroup;
			children = (
				D80FE31E23E1FF4200A5E2BC /* BowTies.xcdatamodel */,
			);
			currentVersion = D80FE31E23E1FF4200A5E2BC /* BowTies.xcdatamodel */;
			path = BowTies.xcdatamodeld;
			sourceTree = "<group>";
			versionGroupType = wrapper.xcdatamodel;
		};
/* End XCVersionGroup section */
	};
	rootObject = D80FE30923E1FF4200A5E2BC /* Project object */;
}
